{
  "name": "scripts",
  "version": "1.0.0",
  "lockfileVersion": 1,
  "requires": true,
  "dependencies": {
    "colors": {
      "version": "0.6.2",
      "resolved": "https://registry.npmjs.org/colors/-/colors-0.6.2.tgz",
      "integrity": "sha1-JCP+ZnisDF2uiFLl0OW+CMmXq8w="
    },
    "csv-reader": {
      "version": "1.0.3",
      "resolved": "https://registry.npmjs.org/csv-reader/-/csv-reader-1.0.3.tgz",
      "integrity": "sha512-eAoZGHytPu50zjV1V6PkPcC2zvNsF0LmpK64HBm+HOLmqZsQdlavMMIPWYH7FsBS3iJc437jhxHXZRxAQqJTYg=="
    },
    "printj": {
      "version": "1.1.2",
      "resolved": "https://registry.npmjs.org/printj/-/printj-1.1.2.tgz",
      "integrity": "sha512-zA2SmoLaxZyArQTOPj5LXecR+RagfPSU5Kw1qP+jkWeNlrq+eJZyY2oS68SU1Z/7/myXM4lo9716laOFAVStCQ=="
    },
    "voc": {
      "version": "1.1.0",
      "resolved": "https://registry.npmjs.org/voc/-/voc-1.1.0.tgz",
      "integrity": "sha512-fthgd8OJLqq8vPcLjElTk6Rcl2e3v5ekcXauImaqEnQqd5yUWKg1+ZOBgS2KTWuVKcuvZMQq4TDptiT1uYddUA=="
    },
    "xlsx-workbook": {
      "version": "1.0.3",
      "resolved": "https://registry.npmjs.org/xlsx-workbook/-/xlsx-workbook-1.0.3.tgz",
      "integrity": "sha1-J9n4OQ1jTzs9Ke6zF6ANSxikeb8=",
      "requires": {
        "xlsx": "^0.8.0"
      },
      "dependencies": {
        "adler-32": {
          "version": "1.2.0",
          "resolved": "https://registry.npmjs.org/adler-32/-/adler-32-1.2.0.tgz",
          "integrity": "sha1-aj5r8KY5ALoVZSgIyxXGgT0aXyU=",
          "requires": {
            "exit-on-epipe": "~1.0.1",
            "printj": "~1.1.0"
          }
        },
        "cfb": {
          "version": "0.11.1",
          "resolved": "https://registry.npmjs.org/cfb/-/cfb-0.11.1.tgz",
          "integrity": "sha1-qW248nKmw/uZ27sj70EiP0i+Hqc=",
          "requires": {
            "commander": "^2.20.0"
          }
        },
        "codepage": {
          "version": "1.14.0",
          "resolved": "https://registry.npmjs.org/codepage/-/codepage-1.14.0.tgz",
          "integrity": "sha1-jL4lSBMjVZ19MHVxsP/5HnodL5k=",
          "requires": {
            "commander": "~2.14.1",
            "exit-on-epipe": "~1.0.1"
          },
          "dependencies": {
            "commander": {
              "version": "2.14.1",
              "resolved": "https://registry.npmjs.org/commander/-/commander-2.14.1.tgz",
              "integrity": "sha512-+YR16o3rK53SmWHU3rEM3tPAh2rwb1yPcQX5irVn7mb0gXbwuCCrnkbV5+PBfETdfg1vui07nM6PCG1zndcjQw=="
            }
          }
        },
        "commander": {
          "version": "2.20.0",
          "resolved": "https://registry.npmjs.org/commander/-/commander-2.20.0.tgz",
          "integrity": "sha512-7j2y+40w61zy6YC2iRNpUe/NwhNyoXrYpHMrSunaMG64nRnaf96zO/KMQR4OyN/UnE5KLyEBnKHd4aG3rskjpQ=="
        },
        "crc-32": {
          "version": "1.2.0",
          "resolved": "https://registry.npmjs.org/crc-32/-/crc-32-1.2.0.tgz",
          "integrity": "sha512-1uBwHxF+Y/4yF5G48fwnKq6QsIXheor3ZLPT80yGBV1oEUwpPojlEhQbWKVw1VwcTQyMGHK1/XMmTjmlsmTTGA==",
          "requires": {
            "exit-on-epipe": "~1.0.1",
            "printj": "~1.1.0"
          }
        },
        "exit-on-epipe": {
          "version": "1.0.1",
          "resolved": "https://registry.npmjs.org/exit-on-epipe/-/exit-on-epipe-1.0.1.tgz",
          "integrity": "sha512-h2z5mrROTxce56S+pnvAV890uu7ls7f1kEvVGJbw1OlFH3/mlJ5bkXu0KRyW94v37zzHPiUd55iLn3DA7TjWpw=="
        },
        "frac": {
          "version": "0.3.1",
          "resolved": "https://registry.npmjs.org/frac/-/frac-0.3.1.tgz",
          "integrity": "sha1-V3Z3t/3L5vr3xGHxgB00E3zaQ1Q="
        },
        "ssf": {
          "version": "0.8.2",
          "resolved": "https://registry.npmjs.org/ssf/-/ssf-0.8.2.tgz",
          "integrity": "sha1-udTcahwbz3b4q/qW19dlb7Kr7NY=",
          "requires": {
            "colors": "0.6.2",
            "frac": "0.3.1",
            "voc": "^1.1.0"
          }
        },
        "xlsx": {
          "version": "0.8.8",
          "resolved": "https://registry.npmjs.org/xlsx/-/xlsx-0.8.8.tgz",
          "integrity": "sha1-uS124LXk8GDJII1LdEdWUQRDhTo=",
          "requires": {
            "adler-32": "^1.2.0",
            "cfb": "~0.11.0",
            "codepage": "^1.14.0",
            "commander": "^2.20.0",
            "crc-32": "^1.2.0",
            "exit-on-epipe": "^1.0.1",
            "ssf": "~0.8.1"
          }
        }
      }
    }
  }
}
